
Microsoft Visual Studio Solution File, Format Version 12.00
# Visual Studio Version 16
VisualStudioVersion = 16.0.31205.134
MinimumVisualStudioVersion = 10.0.40219.1
Project("{FAE04EC0-301F-11D3-BF4B-00C04F79EFBC}") = "ActiveDirectory1", "ActiveDirectory1.csproj", "{DA973513-B07D-4659-AB9D-EEDA0D477D18}"
EndProject
Global
	GlobalSection(SolutionConfigurationPlatforms) = preSolution
		Debug|Any CPU = Debug|Any CPU
		Release|Any CPU = Release|Any CPU
	EndGlobalSection
	GlobalSection(ProjectConfigurationPlatforms) = postSolution
		{DA973513-B07D-4659-AB9D-EEDA0D477D18}.Debug|Any CPU.ActiveCfg = Debug|Any CPU
		{DA973513-B07D-4659-AB9D-EEDA0D477D18}.Debug|Any CPU.Build.0 = Debug|Any CPU
		{DA973513-B07D-4659-AB9D-EEDA0D477D18}.Release|Any CPU.ActiveCfg = Release|Any CPU
		{DA973513-B07D-4659-AB9D-EEDA0D477D18}.Release|Any CPU.Build.0 = Release|Any CPU
	EndGlobalSection
	GlobalSection(SolutionProperties) = preSolution
		HideSolutionNode = FALSE
	EndGlobalSection
	GlobalSection(ExtensibilityGlobals) = postSolution
		SolutionGuid = {22B1DE23-4604-40DC-AFDF-D07E702E4F30}
	EndGlobalSection
EndGlobal
